// !$*UTF8*$!
{
	archiveVersion = 1;
	classes = {
	};
	objectVersion = 51;
	objects = {

/* Begin PBXBuildFile section */
		5349ED1A26ED500E00702D54 /* TableViewManager.swift in Sources */ = {isa = PBXBuildFile; fileRef = 5349ED1926ED500E00702D54 /* TableViewManager.swift */; };
		5349ED1C26ED55AF00702D54 /* CurrentWeatherTableViewCell.swift in Sources */ = {isa = PBXBuildFile; fileRef = 5349ED1B26ED55AF00702D54 /* CurrentWeatherTableViewCell.swift */; };
		5349ED1E26ED55D400702D54 /* CurrentWeatherCellViewModel.swift in Sources */ = {isa = PBXBuildFile; fileRef = 5349ED1D26ED55D400702D54 /* CurrentWeatherCellViewModel.swift */; };
		5349ED2026EFEFA700702D54 /* Helpers.swift in Sources */ = {isa = PBXBuildFile; fileRef = 5349ED1F26EFEFA700702D54 /* Helpers.swift */; };
		536BA82626DD744C00DD501D /* DailyWeatherTableViewCell.swift in Sources */ = {isa = PBXBuildFile; fileRef = 536BA82526DD744C00DD501D /* DailyWeatherTableViewCell.swift */; };
		536BA82826DD746B00DD501D /* DailyWeatherCellViewModel.swift in Sources */ = {isa = PBXBuildFile; fileRef = 536BA82726DD746B00DD501D /* DailyWeatherCellViewModel.swift */; };
		536BA82B26DD7C5700DD501D /* FiveDaysWeatherData.swift in Sources */ = {isa = PBXBuildFile; fileRef = 536BA82A26DD7C5700DD501D /* FiveDaysWeatherData.swift */; };
		536BA82D26E010B100DD501D /* Errors.swift in Sources */ = {isa = PBXBuildFile; fileRef = 536BA82C26E010B100DD501D /* Errors.swift */; };
		53DD550126D432CC006A950B /* AppDelegate.swift in Sources */ = {isa = PBXBuildFile; fileRef = 53DD550026D432CC006A950B /* AppDelegate.swift */; };
		53DD550326D432CC006A950B /* SceneDelegate.swift in Sources */ = {isa = PBXBuildFile; fileRef = 53DD550226D432CC006A950B /* SceneDelegate.swift */; };
		53DD550526D432CC006A950B /* MainCitiesViewController.swift in Sources */ = {isa = PBXBuildFile; fileRef = 53DD550426D432CC006A950B /* MainCitiesViewController.swift */; };
		53DD550826D432CC006A950B /* Main.storyboard in Resources */ = {isa = PBXBuildFile; fileRef = 53DD550626D432CC006A950B /* Main.storyboard */; };
		53DD550A26D432CE006A950B /* Assets.xcassets in Resources */ = {isa = PBXBuildFile; fileRef = 53DD550926D432CE006A950B /* Assets.xcassets */; };
		53DD550D26D432CE006A950B /* LaunchScreen.storyboard in Resources */ = {isa = PBXBuildFile; fileRef = 53DD550B26D432CE006A950B /* LaunchScreen.storyboard */; };
		53DD551826D432CE006A950B /* weatherAppTests.swift in Sources */ = {isa = PBXBuildFile; fileRef = 53DD551726D432CE006A950B /* weatherAppTests.swift */; };
		53DD552326D432CE006A950B /* weatherAppUITests.swift in Sources */ = {isa = PBXBuildFile; fileRef = 53DD552226D432CE006A950B /* weatherAppUITests.swift */; };
		53DD553126D43E61006A950B /* MainCitiesViewModel.swift in Sources */ = {isa = PBXBuildFile; fileRef = 53DD553026D43E61006A950B /* MainCitiesViewModel.swift */; };
		53DD553326D43F6C006A950B /* MainCitiesTableViewCell.swift in Sources */ = {isa = PBXBuildFile; fileRef = 53DD553226D43F6C006A950B /* MainCitiesTableViewCell.swift */; };
		53DD553526D43F88006A950B /* MainCitiesCellViewModel.swift in Sources */ = {isa = PBXBuildFile; fileRef = 53DD553426D43F88006A950B /* MainCitiesCellViewModel.swift */; };
		53DD553726D442F0006A950B /* ApiManager.swift in Sources */ = {isa = PBXBuildFile; fileRef = 53DD553626D442F0006A950B /* ApiManager.swift */; };
		53DD553926D446D0006A950B /* Constants.swift in Sources */ = {isa = PBXBuildFile; fileRef = 53DD553826D446D0006A950B /* Constants.swift */; };
		53DD553B26D44C17006A950B /* AllCitiesWeatherData.swift in Sources */ = {isa = PBXBuildFile; fileRef = 53DD553A26D44C17006A950B /* AllCitiesWeatherData.swift */; };
		53DD554326D6F97C006A950B /* SingleCityViewController.swift in Sources */ = {isa = PBXBuildFile; fileRef = 53DD554226D6F97C006A950B /* SingleCityViewController.swift */; };
		53DD554526D6FA05006A950B /* SingleCityViewModel.swift in Sources */ = {isa = PBXBuildFile; fileRef = 53DD554426D6FA05006A950B /* SingleCityViewModel.swift */; };
		BBD1E1F18711486397D125D6 /* Pods_weatherApp.framework in Frameworks */ = {isa = PBXBuildFile; fileRef = 24CB916781DF5C91835C28D2 /* Pods_weatherApp.framework */; };
/* End PBXBuildFile section */

/* Begin PBXContainerItemProxy section */
		53DD551426D432CE006A950B /* PBXContainerItemProxy */ = {
			isa = PBXContainerItemProxy;
			containerPortal = 53DD54F526D432CC006A950B /* Project object */;
			proxyType = 1;
			remoteGlobalIDString = 53DD54FC26D432CC006A950B;
			remoteInfo = weatherApp;
		};
		53DD551F26D432CE006A950B /* PBXContainerItemProxy */ = {
			isa = PBXContainerItemProxy;
			containerPortal = 53DD54F526D432CC006A950B /* Project object */;
			proxyType = 1;
			remoteGlobalIDString = 53DD54FC26D432CC006A950B;
			remoteInfo = weatherApp;
		};
/* End PBXContainerItemProxy section */

/* Begin PBXFileReference section */
		24CB916781DF5C91835C28D2 /* Pods_weatherApp.framework */ = {isa = PBXFileReference; explicitFileType = wrapper.framework; includeInIndex = 0; path = Pods_weatherApp.framework; sourceTree = BUILT_PRODUCTS_DIR; };
		4139A71C3908293AF57EA82D /* Pods-weatherApp.release.xcconfig */ = {isa = PBXFileReference; includeInIndex = 1; lastKnownFileType = text.xcconfig; name = "Pods-weatherApp.release.xcconfig"; path = "Target Support Files/Pods-weatherApp/Pods-weatherApp.release.xcconfig"; sourceTree = "<group>"; };
		5349ED1926ED500E00702D54 /* TableViewManager.swift */ = {isa = PBXFileReference; lastKnownFileType = sourcecode.swift; path = TableViewManager.swift; sourceTree = "<group>"; };
		5349ED1B26ED55AF00702D54 /* CurrentWeatherTableViewCell.swift */ = {isa = PBXFileReference; lastKnownFileType = sourcecode.swift; path = CurrentWeatherTableViewCell.swift; sourceTree = "<group>"; };
		5349ED1D26ED55D400702D54 /* CurrentWeatherCellViewModel.swift */ = {isa = PBXFileReference; lastKnownFileType = sourcecode.swift; path = CurrentWeatherCellViewModel.swift; sourceTree = "<group>"; };
		5349ED1F26EFEFA700702D54 /* Helpers.swift */ = {isa = PBXFileReference; lastKnownFileType = sourcecode.swift; path = Helpers.swift; sourceTree = "<group>"; };
		536BA82526DD744C00DD501D /* DailyWeatherTableViewCell.swift */ = {isa = PBXFileReference; lastKnownFileType = sourcecode.swift; path = DailyWeatherTableViewCell.swift; sourceTree = "<group>"; };
		536BA82726DD746B00DD501D /* DailyWeatherCellViewModel.swift */ = {isa = PBXFileReference; lastKnownFileType = sourcecode.swift; path = DailyWeatherCellViewModel.swift; sourceTree = "<group>"; };
		536BA82A26DD7C5700DD501D /* FiveDaysWeatherData.swift */ = {isa = PBXFileReference; lastKnownFileType = sourcecode.swift; path = FiveDaysWeatherData.swift; sourceTree = "<group>"; };
		536BA82C26E010B100DD501D /* Errors.swift */ = {isa = PBXFileReference; lastKnownFileType = sourcecode.swift; path = Errors.swift; sourceTree = "<group>"; };
		53DD54FD26D432CC006A950B /* weatherApp.app */ = {isa = PBXFileReference; explicitFileType = wrapper.application; includeInIndex = 0; path = weatherApp.app; sourceTree = BUILT_PRODUCTS_DIR; };
		53DD550026D432CC006A950B /* AppDelegate.swift */ = {isa = PBXFileReference; lastKnownFileType = sourcecode.swift; path = AppDelegate.swift; sourceTree = "<group>"; };
		53DD550226D432CC006A950B /* SceneDelegate.swift */ = {isa = PBXFileReference; lastKnownFileType = sourcecode.swift; path = SceneDelegate.swift; sourceTree = "<group>"; };
		53DD550426D432CC006A950B /* MainCitiesViewController.swift */ = {isa = PBXFileReference; lastKnownFileType = sourcecode.swift; path = MainCitiesViewController.swift; sourceTree = "<group>"; };
		53DD550726D432CC006A950B /* Base */ = {isa = PBXFileReference; lastKnownFileType = file.storyboard; name = Base; path = Base.lproj/Main.storyboard; sourceTree = "<group>"; };
		53DD550926D432CE006A950B /* Assets.xcassets */ = {isa = PBXFileReference; lastKnownFileType = folder.assetcatalog; path = Assets.xcassets; sourceTree = "<group>"; };
		53DD550C26D432CE006A950B /* Base */ = {isa = PBXFileReference; lastKnownFileType = file.storyboard; name = Base; path = Base.lproj/LaunchScreen.storyboard; sourceTree = "<group>"; };
		53DD550E26D432CE006A950B /* Info.plist */ = {isa = PBXFileReference; lastKnownFileType = text.plist.xml; path = Info.plist; sourceTree = "<group>"; };
		53DD551326D432CE006A950B /* weatherAppTests.xctest */ = {isa = PBXFileReference; explicitFileType = wrapper.cfbundle; includeInIndex = 0; path = weatherAppTests.xctest; sourceTree = BUILT_PRODUCTS_DIR; };
		53DD551726D432CE006A950B /* weatherAppTests.swift */ = {isa = PBXFileReference; lastKnownFileType = sourcecode.swift; path = weatherAppTests.swift; sourceTree = "<group>"; };
		53DD551926D432CE006A950B /* Info.plist */ = {isa = PBXFileReference; lastKnownFileType = text.plist.xml; path = Info.plist; sourceTree = "<group>"; };
		53DD551E26D432CE006A950B /* weatherAppUITests.xctest */ = {isa = PBXFileReference; explicitFileType = wrapper.cfbundle; includeInIndex = 0; path = weatherAppUITests.xctest; sourceTree = BUILT_PRODUCTS_DIR; };
		53DD552226D432CE006A950B /* weatherAppUITests.swift */ = {isa = PBXFileReference; lastKnownFileType = sourcecode.swift; path = weatherAppUITests.swift; sourceTree = "<group>"; };
		53DD552426D432CE006A950B /* Info.plist */ = {isa = PBXFileReference; lastKnownFileType = text.plist.xml; path = Info.plist; sourceTree = "<group>"; };
		53DD553026D43E61006A950B /* MainCitiesViewModel.swift */ = {isa = PBXFileReference; lastKnownFileType = sourcecode.swift; path = MainCitiesViewModel.swift; sourceTree = "<group>"; };
		53DD553226D43F6C006A950B /* MainCitiesTableViewCell.swift */ = {isa = PBXFileReference; lastKnownFileType = sourcecode.swift; path = MainCitiesTableViewCell.swift; sourceTree = "<group>"; };
		53DD553426D43F88006A950B /* MainCitiesCellViewModel.swift */ = {isa = PBXFileReference; lastKnownFileType = sourcecode.swift; path = MainCitiesCellViewModel.swift; sourceTree = "<group>"; };
		53DD553626D442F0006A950B /* ApiManager.swift */ = {isa = PBXFileReference; lastKnownFileType = sourcecode.swift; path = ApiManager.swift; sourceTree = "<group>"; };
		53DD553826D446D0006A950B /* Constants.swift */ = {isa = PBXFileReference; lastKnownFileType = sourcecode.swift; path = Constants.swift; sourceTree = "<group>"; };
		53DD553A26D44C17006A950B /* AllCitiesWeatherData.swift */ = {isa = PBXFileReference; lastKnownFileType = sourcecode.swift; path = AllCitiesWeatherData.swift; sourceTree = "<group>"; };
		53DD554226D6F97C006A950B /* SingleCityViewController.swift */ = {isa = PBXFileReference; lastKnownFileType = sourcecode.swift; path = SingleCityViewController.swift; sourceTree = "<group>"; };
		53DD554426D6FA05006A950B /* SingleCityViewModel.swift */ = {isa = PBXFileReference; lastKnownFileType = sourcecode.swift; path = SingleCityViewModel.swift; sourceTree = "<group>"; };
		DDE0592E2016425C5148EFD2 /* Pods-weatherApp.debug.xcconfig */ = {isa = PBXFileReference; includeInIndex = 1; lastKnownFileType = text.xcconfig; name = "Pods-weatherApp.debug.xcconfig"; path = "Target Support Files/Pods-weatherApp/Pods-weatherApp.debug.xcconfig"; sourceTree = "<group>"; };
/* End PBXFileReference section */

/* Begin PBXFrameworksBuildPhase section */
		53DD54FA26D432CC006A950B /* Frameworks */ = {
			isa = PBXFrameworksBuildPhase;
			buildActionMask = 2147483647;
			files = (
				BBD1E1F18711486397D125D6 /* Pods_weatherApp.framework in Frameworks */,
			);
			runOnlyForDeploymentPostprocessing = 0;
		};
		53DD551026D432CE006A950B /* Frameworks */ = {
			isa = PBXFrameworksBuildPhase;
			buildActionMask = 2147483647;
			files = (
			);
			runOnlyForDeploymentPostprocessing = 0;
		};
		53DD551B26D432CE006A950B /* Frameworks */ = {
			isa = PBXFrameworksBuildPhase;
			buildActionMask = 2147483647;
			files = (
			);
			runOnlyForDeploymentPostprocessing = 0;
		};
/* End PBXFrameworksBuildPhase section */

/* Begin PBXGroup section */
		536BA82926DD747900DD501D /* SingleCityTableView */ = {
			isa = PBXGroup;
			children = (
				536BA82526DD744C00DD501D /* DailyWeatherTableViewCell.swift */,
				536BA82726DD746B00DD501D /* DailyWeatherCellViewModel.swift */,
				5349ED1B26ED55AF00702D54 /* CurrentWeatherTableViewCell.swift */,
				5349ED1D26ED55D400702D54 /* CurrentWeatherCellViewModel.swift */,
				5349ED1926ED500E00702D54 /* TableViewManager.swift */,
			);
			path = SingleCityTableView;
			sourceTree = "<group>";
		};
		53DD54F426D432CC006A950B = {
			isa = PBXGroup;
			children = (
				53DD54FF26D432CC006A950B /* weatherApp */,
				53DD551626D432CE006A950B /* weatherAppTests */,
				53DD552126D432CE006A950B /* weatherAppUITests */,
				53DD54FE26D432CC006A950B /* Products */,
				8D254AC00FC35C97EE66A4CE /* Pods */,
				871D401122B9EB175C8DBE3D /* Frameworks */,
			);
			sourceTree = "<group>";
		};
		53DD54FE26D432CC006A950B /* Products */ = {
			isa = PBXGroup;
			children = (
				53DD54FD26D432CC006A950B /* weatherApp.app */,
				53DD551326D432CE006A950B /* weatherAppTests.xctest */,
				53DD551E26D432CE006A950B /* weatherAppUITests.xctest */,
			);
			name = Products;
			sourceTree = "<group>";
		};
		53DD54FF26D432CC006A950B /* weatherApp */ = {
			isa = PBXGroup;
			children = (
				53DD550026D432CC006A950B /* AppDelegate.swift */,
				53DD550226D432CC006A950B /* SceneDelegate.swift */,
				53DD554026D6ED7B006A950B /* Model */,
				53DD554726D6FBD7006A950B /* modules */,
				53DD554126D6ED8D006A950B /* Managers */,
				53DD550626D432CC006A950B /* Main.storyboard */,
				53DD550926D432CE006A950B /* Assets.xcassets */,
				53DD550B26D432CE006A950B /* LaunchScreen.storyboard */,
				53DD550E26D432CE006A950B /* Info.plist */,
				53DD553826D446D0006A950B /* Constants.swift */,
				5349ED1F26EFEFA700702D54 /* Helpers.swift */,
			);
			path = weatherApp;
			sourceTree = "<group>";
		};
		53DD551626D432CE006A950B /* weatherAppTests */ = {
			isa = PBXGroup;
			children = (
				53DD551726D432CE006A950B /* weatherAppTests.swift */,
				53DD551926D432CE006A950B /* Info.plist */,
			);
			path = weatherAppTests;
			sourceTree = "<group>";
		};
		53DD552126D432CE006A950B /* weatherAppUITests */ = {
			isa = PBXGroup;
			children = (
				53DD552226D432CE006A950B /* weatherAppUITests.swift */,
				53DD552426D432CE006A950B /* Info.plist */,
			);
			path = weatherAppUITests;
			sourceTree = "<group>";
		};
		53DD553E26D6ECD6006A950B /* MainCities */ = {
			isa = PBXGroup;
			children = (
				53DD550426D432CC006A950B /* MainCitiesViewController.swift */,
				53DD553026D43E61006A950B /* MainCitiesViewModel.swift */,
				53DD553F26D6ECEE006A950B /* MainCitiesTableView */,
			);
			path = MainCities;
			sourceTree = "<group>";
		};
		53DD553F26D6ECEE006A950B /* MainCitiesTableView */ = {
			isa = PBXGroup;
			children = (
				53DD553226D43F6C006A950B /* MainCitiesTableViewCell.swift */,
				53DD553426D43F88006A950B /* MainCitiesCellViewModel.swift */,
			);
			path = MainCitiesTableView;
			sourceTree = "<group>";
		};
		53DD554026D6ED7B006A950B /* Model */ = {
			isa = PBXGroup;
			children = (
				53DD553A26D44C17006A950B /* AllCitiesWeatherData.swift */,
				536BA82A26DD7C5700DD501D /* FiveDaysWeatherData.swift */,
			);
			path = Model;
			sourceTree = "<group>";
		};
		53DD554126D6ED8D006A950B /* Managers */ = {
			isa = PBXGroup;
			children = (
				53DD553626D442F0006A950B /* ApiManager.swift */,
				536BA82C26E010B100DD501D /* Errors.swift */,
			);
			path = Managers;
			sourceTree = "<group>";
		};
		53DD554626D6FBC3006A950B /* SingleCity */ = {
			isa = PBXGroup;
			children = (
				53DD554226D6F97C006A950B /* SingleCityViewController.swift */,
				53DD554426D6FA05006A950B /* SingleCityViewModel.swift */,
				536BA82926DD747900DD501D /* SingleCityTableView */,
			);
			path = SingleCity;
			sourceTree = "<group>";
		};
		53DD554726D6FBD7006A950B /* modules */ = {
			isa = PBXGroup;
			children = (
				53DD553E26D6ECD6006A950B /* MainCities */,
				53DD554626D6FBC3006A950B /* SingleCity */,
			);
			path = modules;
			sourceTree = "<group>";
		};
		871D401122B9EB175C8DBE3D /* Frameworks */ = {
			isa = PBXGroup;
			children = (
				24CB916781DF5C91835C28D2 /* Pods_weatherApp.framework */,
			);
			name = Frameworks;
			sourceTree = "<group>";
		};
		8D254AC00FC35C97EE66A4CE /* Pods */ = {
			isa = PBXGroup;
			children = (
				DDE0592E2016425C5148EFD2 /* Pods-weatherApp.debug.xcconfig */,
				4139A71C3908293AF57EA82D /* Pods-weatherApp.release.xcconfig */,
			);
			path = Pods;
			sourceTree = "<group>";
		};
/* End PBXGroup section */

/* Begin PBXNativeTarget section */
		53DD54FC26D432CC006A950B /* weatherApp */ = {
			isa = PBXNativeTarget;
			buildConfigurationList = 53DD552726D432CE006A950B /* Build configuration list for PBXNativeTarget "weatherApp" */;
			buildPhases = (
				7AB801A956900ADB804A978E /* [CP] Check Pods Manifest.lock */,
				53DD54F926D432CC006A950B /* Sources */,
				53DD54FA26D432CC006A950B /* Frameworks */,
				53DD54FB26D432CC006A950B /* Resources */,
				625F46913624921CFC67E738 /* [CP] Embed Pods Frameworks */,
			);
			buildRules = (
			);
			dependencies = (
			);
			name = weatherApp;
			productName = weatherApp;
			productReference = 53DD54FD26D432CC006A950B /* weatherApp.app */;
			productType = "com.apple.product-type.application";
		};
		53DD551226D432CE006A950B /* weatherAppTests */ = {
			isa = PBXNativeTarget;
			buildConfigurationList = 53DD552A26D432CE006A950B /* Build configuration list for PBXNativeTarget "weatherAppTests" */;
			buildPhases = (
				53DD550F26D432CE006A950B /* Sources */,
				53DD551026D432CE006A950B /* Frameworks */,
				53DD551126D432CE006A950B /* Resources */,
			);
			buildRules = (
			);
			dependencies = (
				53DD551526D432CE006A950B /* PBXTargetDependency */,
			);
			name = weatherAppTests;
			productName = weatherAppTests;
			productReference = 53DD551326D432CE006A950B /* weatherAppTests.xctest */;
			productType = "com.apple.product-type.bundle.unit-test";
		};
		53DD551D26D432CE006A950B /* weatherAppUITests */ = {
			isa = PBXNativeTarget;
			buildConfigurationList = 53DD552D26D432CE006A950B /* Build configuration list for PBXNativeTarget "weatherAppUITests" */;
			buildPhases = (
				53DD551A26D432CE006A950B /* Sources */,
				53DD551B26D432CE006A950B /* Frameworks */,
				53DD551C26D432CE006A950B /* Resources */,
			);
			buildRules = (
			);
			dependencies = (
				53DD552026D432CE006A950B /* PBXTargetDependency */,
			);
			name = weatherAppUITests;
			productName = weatherAppUITests;
			productReference = 53DD551E26D432CE006A950B /* weatherAppUITests.xctest */;
			productType = "com.apple.product-type.bundle.ui-testing";
		};
/* End PBXNativeTarget section */

/* Begin PBXProject section */
		53DD54F526D432CC006A950B /* Project object */ = {
			isa = PBXProject;
			attributes = {
				LastSwiftUpdateCheck = 1250;
				LastUpgradeCheck = 1250;
				TargetAttributes = {
					53DD54FC26D432CC006A950B = {
						CreatedOnToolsVersion = 12.5.1;
					};
					53DD551226D432CE006A950B = {
						CreatedOnToolsVersion = 12.5.1;
						TestTargetID = 53DD54FC26D432CC006A950B;
					};
					53DD551D26D432CE006A950B = {
						CreatedOnToolsVersion = 12.5.1;
						TestTargetID = 53DD54FC26D432CC006A950B;
					};
				};
			};
			buildConfigurationList = 53DD54F826D432CC006A950B /* Build configuration list for PBXProject "weatherApp" */;
			compatibilityVersion = "Xcode 9.3";
			developmentRegion = en;
			hasScannedForEncodings = 0;
			knownRegions = (
				en,
				Base,
			);
			mainGroup = 53DD54F426D432CC006A950B;
			productRefGroup = 53DD54FE26D432CC006A950B /* Products */;
			projectDirPath = "";
			projectRoot = "";
			targets = (
				53DD54FC26D432CC006A950B /* weatherApp */,
				53DD551226D432CE006A950B /* weatherAppTests */,
				53DD551D26D432CE006A950B /* weatherAppUITests */,
			);
		};
/* End PBXProject section */

/* Begin PBXResourcesBuildPhase section */
		53DD54FB26D432CC006A950B /* Resources */ = {
			isa = PBXResourcesBuildPhase;
			buildActionMask = 2147483647;
			files = (
				53DD550D26D432CE006A950B /* LaunchScreen.storyboard in Resources */,
				53DD550A26D432CE006A950B /* Assets.xcassets in Resources */,
				53DD550826D432CC006A950B /* Main.storyboard in Resources */,
			);
			runOnlyForDeploymentPostprocessing = 0;
		};
		53DD551126D432CE006A950B /* Resources */ = {
			isa = PBXResourcesBuildPhase;
			buildActionMask = 2147483647;
			files = (
			);
			runOnlyForDeploymentPostprocessing = 0;
		};
		53DD551C26D432CE006A950B /* Resources */ = {
			isa = PBXResourcesBuildPhase;
			buildActionMask = 2147483647;
			files = (
			);
			runOnlyForDeploymentPostprocessing = 0;
		};
/* End PBXResourcesBuildPhase section */

/* Begin PBXShellScriptBuildPhase section */
		625F46913624921CFC67E738 /* [CP] Embed Pods Frameworks */ = {
			isa = PBXShellScriptBuildPhase;
			buildActionMask = 2147483647;
			files = (
			);
			inputFileListPaths = (
				"${PODS_ROOT}/Target Support Files/Pods-weatherApp/Pods-weatherApp-frameworks-${CONFIGURATION}-input-files.xcfilelist",
			);
			name = "[CP] Embed Pods Frameworks";
			outputFileListPaths = (
				"${PODS_ROOT}/Target Support Files/Pods-weatherApp/Pods-weatherApp-frameworks-${CONFIGURATION}-output-files.xcfilelist",
			);
			runOnlyForDeploymentPostprocessing = 0;
			shellPath = /bin/sh;
			shellScript = "\"${PODS_ROOT}/Target Support Files/Pods-weatherApp/Pods-weatherApp-frameworks.sh\"\n";
			showEnvVarsInLog = 0;
		};
		7AB801A956900ADB804A978E /* [CP] Check Pods Manifest.lock */ = {
			isa = PBXShellScriptBuildPhase;
			buildActionMask = 2147483647;
			files = (
			);
			inputFileListPaths = (
			);
			inputPaths = (
				"${PODS_PODFILE_DIR_PATH}/Podfile.lock",
				"${PODS_ROOT}/Manifest.lock",
			);
			name = "[CP] Check Pods Manifest.lock";
			outputFileListPaths = (
			);
			outputPaths = (
				"$(DERIVED_FILE_DIR)/Pods-weatherApp-checkManifestLockResult.txt",
			);
			runOnlyForDeploymentPostprocessing = 0;
			shellPath = /bin/sh;
			shellScript = "diff \"${PODS_PODFILE_DIR_PATH}/Podfile.lock\" \"${PODS_ROOT}/Manifest.lock\" > /dev/null\nif [ $? != 0 ] ; then\n    # print error to STDERR\n    echo \"error: The sandbox is not in sync with the Podfile.lock. Run 'pod install' or update your CocoaPods installation.\" >&2\n    exit 1\nfi\n# This output is used by Xcode 'outputs' to avoid re-running this script phase.\necho \"SUCCESS\" > \"${SCRIPT_OUTPUT_FILE_0}\"\n";
			showEnvVarsInLog = 0;
		};
/* End PBXShellScriptBuildPhase section */

/* Begin PBXSourcesBuildPhase section */
		53DD54F926D432CC006A950B /* Sources */ = {
			isa = PBXSourcesBuildPhase;
			buildActionMask = 2147483647;
			files = (
				53DD553526D43F88006A950B /* MainCitiesCellViewModel.swift in Sources */,
				5349ED2026EFEFA700702D54 /* Helpers.swift in Sources */,
				536BA82D26E010B100DD501D /* Errors.swift in Sources */,
				536BA82B26DD7C5700DD501D /* FiveDaysWeatherData.swift in Sources */,
				53DD550526D432CC006A950B /* MainCitiesViewController.swift in Sources */,
				53DD553326D43F6C006A950B /* MainCitiesTableViewCell.swift in Sources */,
				53DD553926D446D0006A950B /* Constants.swift in Sources */,
				53DD553B26D44C17006A950B /* AllCitiesWeatherData.swift in Sources */,
				53DD553726D442F0006A950B /* ApiManager.swift in Sources */,
				5349ED1E26ED55D400702D54 /* CurrentWeatherCellViewModel.swift in Sources */,
				5349ED1C26ED55AF00702D54 /* CurrentWeatherTableViewCell.swift in Sources */,
				536BA82626DD744C00DD501D /* DailyWeatherTableViewCell.swift in Sources */,
				536BA82826DD746B00DD501D /* DailyWeatherCellViewModel.swift in Sources */,
				53DD554526D6FA05006A950B /* SingleCityViewModel.swift in Sources */,
				53DD550126D432CC006A950B /* AppDelegate.swift in Sources */,
				53DD553126D43E61006A950B /* MainCitiesViewModel.swift in Sources */,
				53DD550326D432CC006A950B /* SceneDelegate.swift in Sources */,
				53DD554326D6F97C006A950B /* SingleCityViewController.swift in Sources */,
				5349ED1A26ED500E00702D54 /* TableViewManager.swift in Sources */,
			);
			runOnlyForDeploymentPostprocessing = 0;
		};
		53DD550F26D432CE006A950B /* Sources */ = {
			isa = PBXSourcesBuildPhase;
			buildActionMask = 2147483647;
			files = (
				53DD551826D432CE006A950B /* weatherAppTests.swift in Sources */,
			);
			runOnlyForDeploymentPostprocessing = 0;
		};
		53DD551A26D432CE006A950B /* Sources */ = {
			isa = PBXSourcesBuildPhase;
			buildActionMask = 2147483647;
			files = (
				53DD552326D432CE006A950B /* weatherAppUITests.swift in Sources */,
			);
			runOnlyForDeploymentPostprocessing = 0;
		};
/* End PBXSourcesBuildPhase section */

/* Begin PBXTargetDependency section */
		53DD551526D432CE006A950B /* PBXTargetDependency */ = {
			isa = PBXTargetDependency;
			target = 53DD54FC26D432CC006A950B /* weatherApp */;
			targetProxy = 53DD551426D432CE006A950B /* PBXContainerItemProxy */;
		};
		53DD552026D432CE006A950B /* PBXTargetDependency */ = {
			isa = PBXTargetDependency;
			target = 53DD54FC26D432CC006A950B /* weatherApp */;
			targetProxy = 53DD551F26D432CE006A950B /* PBXContainerItemProxy */;
		};
/* End PBXTargetDependency section */

/* Begin PBXVariantGroup section */
		53DD550626D432CC006A950B /* Main.storyboard */ = {
			isa = PBXVariantGroup;
			children = (
				53DD550726D432CC006A950B /* Base */,
			);
			name = Main.storyboard;
			sourceTree = "<group>";
		};
		53DD550B26D432CE006A950B /* LaunchScreen.storyboard */ = {
			isa = PBXVariantGroup;
			children = (
				53DD550C26D432CE006A950B /* Base */,
			);
			name = LaunchScreen.storyboard;
			sourceTree = "<group>";
		};
/* End PBXVariantGroup section */

/* Begin XCBuildConfiguration section */
		53DD552526D432CE006A950B /* Debug */ = {
			isa = XCBuildConfiguration;
			buildSettings = {
				ALWAYS_SEARCH_USER_PATHS = NO;
				CLANG_ANALYZER_NONNULL = YES;
				CLANG_ANALYZER_NUMBER_OBJECT_CONVERSION = YES_AGGRESSIVE;
				CLANG_CXX_LANGUAGE_STANDARD = "gnu++14";
				CLANG_CXX_LIBRARY = "libc++";
				CLANG_ENABLE_MODULES = YES;
				CLANG_ENABLE_OBJC_ARC = YES;
				CLANG_ENABLE_OBJC_WEAK = YES;
				CLANG_WARN_BLOCK_CAPTURE_AUTORELEASING = YES;
				CLANG_WARN_BOOL_CONVERSION = YES;
				CLANG_WARN_COMMA = YES;
				CLANG_WARN_CONSTANT_CONVERSION = YES;
				CLANG_WARN_DEPRECATED_OBJC_IMPLEMENTATIONS = YES;
				CLANG_WARN_DIRECT_OBJC_ISA_USAGE = YES_ERROR;
				CLANG_WARN_DOCUMENTATION_COMMENTS = YES;
				CLANG_WARN_EMPTY_BODY = YES;
				CLANG_WARN_ENUM_CONVERSION = YES;
				CLANG_WARN_INFINITE_RECURSION = YES;
				CLANG_WARN_INT_CONVERSION = YES;
				CLANG_WARN_NON_LITERAL_NULL_CONVERSION = YES;
				CLANG_WARN_OBJC_IMPLICIT_RETAIN_SELF = YES;
				CLANG_WARN_OBJC_LITERAL_CONVERSION = YES;
				CLANG_WARN_OBJC_ROOT_CLASS = YES_ERROR;
				CLANG_WARN_QUOTED_INCLUDE_IN_FRAMEWORK_HEADER = YES;
				CLANG_WARN_RANGE_LOOP_ANALYSIS = YES;
				CLANG_WARN_STRICT_PROTOTYPES = YES;
				CLANG_WARN_SUSPICIOUS_MOVE = YES;
				CLANG_WARN_UNGUARDED_AVAILABILITY = YES_AGGRESSIVE;
				CLANG_WARN_UNREACHABLE_CODE = YES;
				CLANG_WARN__DUPLICATE_METHOD_MATCH = YES;
				COPY_PHASE_STRIP = NO;
				DEBUG_INFORMATION_FORMAT = dwarf;
				ENABLE_STRICT_OBJC_MSGSEND = YES;
				ENABLE_TESTABILITY = YES;
				GCC_C_LANGUAGE_STANDARD = gnu11;
				GCC_DYNAMIC_NO_PIC = NO;
				GCC_NO_COMMON_BLOCKS = YES;
				GCC_OPTIMIZATION_LEVEL = 0;
				GCC_PREPROCESSOR_DEFINITIONS = (
					"DEBUG=1",
					"$(inherited)",
				);
				GCC_WARN_64_TO_32_BIT_CONVERSION = YES;
				GCC_WARN_ABOUT_RETURN_TYPE = YES_ERROR;
				GCC_WARN_UNDECLARED_SELECTOR = YES;
				GCC_WARN_UNINITIALIZED_AUTOS = YES_AGGRESSIVE;
				GCC_WARN_UNUSED_FUNCTION = YES;
				GCC_WARN_UNUSED_VARIABLE = YES;
				IPHONEOS_DEPLOYMENT_TARGET = 14.5;
				MTL_ENABLE_DEBUG_INFO = INCLUDE_SOURCE;
				MTL_FAST_MATH = YES;
				ONLY_ACTIVE_ARCH = YES;
				SDKROOT = iphoneos;
				SWIFT_ACTIVE_COMPILATION_CONDITIONS = DEBUG;
				SWIFT_OPTIMIZATION_LEVEL = "-Onone";
			};
			name = Debug;
		};
		53DD552626D432CE006A950B /* Release */ = {
			isa = XCBuildConfiguration;
			buildSettings = {
				ALWAYS_SEARCH_USER_PATHS = NO;
				CLANG_ANALYZER_NONNULL = YES;
				CLANG_ANALYZER_NUMBER_OBJECT_CONVERSION = YES_AGGRESSIVE;
				CLANG_CXX_LANGUAGE_STANDARD = "gnu++14";
				CLANG_CXX_LIBRARY = "libc++";
				CLANG_ENABLE_MODULES = YES;
				CLANG_ENABLE_OBJC_ARC = YES;
				CLANG_ENABLE_OBJC_WEAK = YES;
				CLANG_WARN_BLOCK_CAPTURE_AUTORELEASING = YES;
				CLANG_WARN_BOOL_CONVERSION = YES;
				CLANG_WARN_COMMA = YES;
				CLANG_WARN_CONSTANT_CONVERSION = YES;
				CLANG_WARN_DEPRECATED_OBJC_IMPLEMENTATIONS = YES;
				CLANG_WARN_DIRECT_OBJC_ISA_USAGE = YES_ERROR;
				CLANG_WARN_DOCUMENTATION_COMMENTS = YES;
				CLANG_WARN_EMPTY_BODY = YES;
				CLANG_WARN_ENUM_CONVERSION = YES;
				CLANG_WARN_INFINITE_RECURSION = YES;
				CLANG_WARN_INT_CONVERSION = YES;
				CLANG_WARN_NON_LITERAL_NULL_CONVERSION = YES;
				CLANG_WARN_OBJC_IMPLICIT_RETAIN_SELF = YES;
				CLANG_WARN_OBJC_LITERAL_CONVERSION = YES;
				CLANG_WARN_OBJC_ROOT_CLASS = YES_ERROR;
				CLANG_WARN_QUOTED_INCLUDE_IN_FRAMEWORK_HEADER = YES;
				CLANG_WARN_RANGE_LOOP_ANALYSIS = YES;
				CLANG_WARN_STRICT_PROTOTYPES = YES;
				CLANG_WARN_SUSPICIOUS_MOVE = YES;
				CLANG_WARN_UNGUARDED_AVAILABILITY = YES_AGGRESSIVE;
				CLANG_WARN_UNREACHABLE_CODE = YES;
				CLANG_WARN__DUPLICATE_METHOD_MATCH = YES;
				COPY_PHASE_STRIP = NO;
				DEBUG_INFORMATION_FORMAT = "dwarf-with-dsym";
				ENABLE_NS_ASSERTIONS = NO;
				ENABLE_STRICT_OBJC_MSGSEND = YES;
				GCC_C_LANGUAGE_STANDARD = gnu11;
				GCC_NO_COMMON_BLOCKS = YES;
				GCC_WARN_64_TO_32_BIT_CONVERSION = YES;
				GCC_WARN_ABOUT_RETURN_TYPE = YES_ERROR;
				GCC_WARN_UNDECLARED_SELECTOR = YES;
				GCC_WARN_UNINITIALIZED_AUTOS = YES_AGGRESSIVE;
				GCC_WARN_UNUSED_FUNCTION = YES;
				GCC_WARN_UNUSED_VARIABLE = YES;
				IPHONEOS_DEPLOYMENT_TARGET = 14.5;
				MTL_ENABLE_DEBUG_INFO = NO;
				MTL_FAST_MATH = YES;
				SDKROOT = iphoneos;
				SWIFT_COMPILATION_MODE = wholemodule;
				SWIFT_OPTIMIZATION_LEVEL = "-O";
				VALIDATE_PRODUCT = YES;
			};
			name = Release;
		};
		53DD552826D432CE006A950B /* Debug */ = {
			isa = XCBuildConfiguration;
			baseConfigurationReference = DDE0592E2016425C5148EFD2 /* Pods-weatherApp.debug.xcconfig */;
			buildSettings = {
				ASSETCATALOG_COMPILER_APPICON_NAME = AppIcon;
				ASSETCATALOG_COMPILER_GLOBAL_ACCENT_COLOR_NAME = AccentColor;
				CODE_SIGN_STYLE = Automatic;
				DEVELOPMENT_TEAM = UWUP5329Y8;
				INFOPLIST_FILE = weatherApp/Info.plist;
				LD_RUNPATH_SEARCH_PATHS = (
					"$(inherited)",
					"@executable_path/Frameworks",
				);
				PRODUCT_BUNDLE_IDENTIFIER = idan2700.weatherApp;
				PRODUCT_NAME = "$(TARGET_NAME)";
				SWIFT_VERSION = 5.0;
				TARGETED_DEVICE_FAMILY = "1,2";
			};
			name = Debug;
		};
		53DD552926D432CE006A950B /* Release */ = {
			isa = XCBuildConfiguration;
			baseConfigurationReference = 4139A71C3908293AF57EA82D /* Pods-weatherApp.release.xcconfig */;
			buildSettings = {
				ASSETCATALOG_COMPILER_APPICON_NAME = AppIcon;
				ASSETCATALOG_COMPILER_GLOBAL_ACCENT_COLOR_NAME = AccentColor;
				CODE_SIGN_STYLE = Automatic;
				DEVELOPMENT_TEAM = UWUP5329Y8;
				INFOPLIST_FILE = weatherApp/Info.plist;
				LD_RUNPATH_SEARCH_PATHS = (
					"$(inherited)",
					"@executable_path/Frameworks",
				);
				PRODUCT_BUNDLE_IDENTIFIER = idan2700.weatherApp;
				PRODUCT_NAME = "$(TARGET_NAME)";
				SWIFT_VERSION = 5.0;
				TARGETED_DEVICE_FAMILY = "1,2";
			};
			name = Release;
		};
		53DD552B26D432CE006A950B /* Debug */ = {
			isa = XCBuildConfiguration;
			buildSettings = {
				ALWAYS_EMBED_SWIFT_STANDARD_LIBRARIES = YES;
				BUNDLE_LOADER = "$(TEST_HOST)";
				CODE_SIGN_STYLE = Automatic;
				DEVELOPMENT_TEAM = UWUP5329Y8;
				INFOPLIST_FILE = weatherAppTests/Info.plist;
				IPHONEOS_DEPLOYMENT_TARGET = 14.5;
				LD_RUNPATH_SEARCH_PATHS = (
					"$(inherited)",
					"@executable_path/Frameworks",
					"@loader_path/Frameworks",
				);
				PRODUCT_BUNDLE_IDENTIFIER = idan2700.weatherAppTests;
				PRODUCT_NAME = "$(TARGET_NAME)";
				SWIFT_VERSION = 5.0;
				TARGETED_DEVICE_FAMILY = "1,2";
				TEST_HOST = "$(BUILT_PRODUCTS_DIR)/weatherApp.app/weatherApp";
			};
			name = Debug;
		};
		53DD552C26D432CE006A950B /* Release */ = {
			isa = XCBuildConfiguration;
			buildSettings = {
				ALWAYS_EMBED_SWIFT_STANDARD_LIBRARIES = YES;
				BUNDLE_LOADER = "$(TEST_HOST)";
				CODE_SIGN_STYLE = Automatic;
				DEVELOPMENT_TEAM = UWUP5329Y8;
				INFOPLIST_FILE = weatherAppTests/Info.plist;
				IPHONEOS_DEPLOYMENT_TARGET = 14.5;
				LD_RUNPATH_SEARCH_PATHS = (
					"$(inherited)",
					"@executable_path/Frameworks",
					"@loader_path/Frameworks",
				);
				PRODUCT_BUNDLE_IDENTIFIER = idan2700.weatherAppTests;
				PRODUCT_NAME = "$(TARGET_NAME)";
				SWIFT_VERSION = 5.0;
				TARGETED_DEVICE_FAMILY = "1,2";
				TEST_HOST = "$(BUILT_PRODUCTS_DIR)/weatherApp.app/weatherApp";
			};
			name = Release;
		};
		53DD552E26D432CE006A950B /* Debug */ = {
			isa = XCBuildConfiguration;
			buildSettings = {
				ALWAYS_EMBED_SWIFT_STANDARD_LIBRARIES = YES;
				CODE_SIGN_STYLE = Automatic;
				DEVELOPMENT_TEAM = UWUP5329Y8;
				INFOPLIST_FILE = weatherAppUITests/Info.plist;
				LD_RUNPATH_SEARCH_PATHS = (
					"$(inherited)",
					"@executable_path/Frameworks",
					"@loader_path/Frameworks",
				);
				PRODUCT_BUNDLE_IDENTIFIER = idan2700.weatherAppUITests;
				PRODUCT_NAME = "$(TARGET_NAME)";
				SWIFT_VERSION = 5.0;
				TARGETED_DEVICE_FAMILY = "1,2";
				TEST_TARGET_NAME = weatherApp;
			};
			name = Debug;
		};
		53DD552F26D432CE006A950B /* Release */ = {
			isa = XCBuildConfiguration;
			buildSettings = {
				ALWAYS_EMBED_SWIFT_STANDARD_LIBRARIES = YES;
				CODE_SIGN_STYLE = Automatic;
				DEVELOPMENT_TEAM = UWUP5329Y8;
				INFOPLIST_FILE = weatherAppUITests/Info.plist;
				LD_RUNPATH_SEARCH_PATHS = (
					"$(inherited)",
					"@executable_path/Frameworks",
					"@loader_path/Frameworks",
				);
				PRODUCT_BUNDLE_IDENTIFIER = idan2700.weatherAppUITests;
				PRODUCT_NAME = "$(TARGET_NAME)";
				SWIFT_VERSION = 5.0;
				TARGETED_DEVICE_FAMILY = "1,2";
				TEST_TARGET_NAME = weatherApp;
			};
			name = Release;
		};
/* End XCBuildConfiguration section */

/* Begin XCConfigurationList section */
		53DD54F826D432CC006A950B /* Build configuration list for PBXProject "weatherApp" */ = {
			isa = XCConfigurationList;
			buildConfigurations = (
				53DD552526D432CE006A950B /* Debug */,
				53DD552626D432CE006A950B /* Release */,
			);
			defaultConfigurationIsVisible = 0;
			defaultConfigurationName = Release;
		};
		53DD552726D432CE006A950B /* Build configuration list for PBXNativeTarget "weatherApp" */ = {
			isa = XCConfigurationList;
			buildConfigurations = (
				53DD552826D432CE006A950B /* Debug */,
				53DD552926D432CE006A950B /* Release */,
			);
			defaultConfigurationIsVisible = 0;
			defaultConfigurationName = Release;
		};
		53DD552A26D432CE006A950B /* Build configuration list for PBXNativeTarget "weatherAppTests" */ = {
			isa = XCConfigurationList;
			buildConfigurations = (
				53DD552B26D432CE006A950B /* Debug */,
				53DD552C26D432CE006A950B /* Release */,
			);
			defaultConfigurationIsVisible = 0;
			defaultConfigurationName = Release;
		};
		53DD552D26D432CE006A950B /* Build configuration list for PBXNativeTarget "weatherAppUITests" */ = {
			isa = XCConfigurationList;
			buildConfigurations = (
				53DD552E26D432CE006A950B /* Debug */,
				53DD552F26D432CE006A950B /* Release */,
			);
			defaultConfigurationIsVisible = 0;
			defaultConfigurationName = Release;
		};
/* End XCConfigurationList section */
	};
	rootObject = 53DD54F526D432CC006A950B /* Project object */;
}
